
Microsoft Visual Studio Solution File, Format Version 12.00
# Visual Studio 15
VisualStudioVersion = 15.0.27428.2015
MinimumVisualStudioVersion = 10.0.40219.1
Project("{FAE04EC0-301F-11D3-BF4B-00C04F79EFBC}") = "Vueling.Presentation.WinSite", "Vueling.Presentation.WinSite\Vueling.Presentation.WinSite.csproj", "{737AFC23-E115-4F03-AE83-401A5A1EFAE7}"
EndProject
Project("{FAE04EC0-301F-11D3-BF4B-00C04F79EFBC}") = "Vueling.Business.Logic", "Vueling.Business.Logic\Vueling.Business.Logic.csproj", "{8CEB6244-AC1E-4EBD-BC0C-A75D51BCAE4C}"
EndProject
Project("{FAE04EC0-301F-11D3-BF4B-00C04F79EFBC}") = "Vueling.DataAccess.DAO", "Vueling.DataAccess.DAO\Vueling.DataAccess.DAO.csproj", "{0DE51EF2-A117-456E-8EBC-92B530F2D3DC}"
EndProject
Project("{FAE04EC0-301F-11D3-BF4B-00C04F79EFBC}") = "Vueling.Common.Logic", "Vueling.Common.Logic\Vueling.Common.Logic.csproj", "{7033AABC-C8F8-4456-9DFA-AEF7AA8A6726}"
EndProject
Project("{FAE04EC0-301F-11D3-BF4B-00C04F79EFBC}") = "Vueling.DataAccess.DAOTests", "Vueling.DatAccess.DAOTests\Vueling.DataAccess.DAOTests.csproj", "{C226B921-5B48-41F2-93A8-579681961492}"
EndProject
Global
	GlobalSection(SolutionConfigurationPlatforms) = preSolution
		Debug|Any CPU = Debug|Any CPU
		Release|Any CPU = Release|Any CPU
	EndGlobalSection
	GlobalSection(ProjectConfigurationPlatforms) = postSolution
		{737AFC23-E115-4F03-AE83-401A5A1EFAE7}.Debug|Any CPU.ActiveCfg = Debug|Any CPU
		{737AFC23-E115-4F03-AE83-401A5A1EFAE7}.Debug|Any CPU.Build.0 = Debug|Any CPU
		{737AFC23-E115-4F03-AE83-401A5A1EFAE7}.Release|Any CPU.ActiveCfg = Release|Any CPU
		{737AFC23-E115-4F03-AE83-401A5A1EFAE7}.Release|Any CPU.Build.0 = Release|Any CPU
		{8CEB6244-AC1E-4EBD-BC0C-A75D51BCAE4C}.Debug|Any CPU.ActiveCfg = Debug|Any CPU
		{8CEB6244-AC1E-4EBD-BC0C-A75D51BCAE4C}.Debug|Any CPU.Build.0 = Debug|Any CPU
		{8CEB6244-AC1E-4EBD-BC0C-A75D51BCAE4C}.Release|Any CPU.ActiveCfg = Release|Any CPU
		{8CEB6244-AC1E-4EBD-BC0C-A75D51BCAE4C}.Release|Any CPU.Build.0 = Release|Any CPU
		{0DE51EF2-A117-456E-8EBC-92B530F2D3DC}.Debug|Any CPU.ActiveCfg = Debug|Any CPU
		{0DE51EF2-A117-456E-8EBC-92B530F2D3DC}.Debug|Any CPU.Build.0 = Debug|Any CPU
		{0DE51EF2-A117-456E-8EBC-92B530F2D3DC}.Release|Any CPU.ActiveCfg = Release|Any CPU
		{0DE51EF2-A117-456E-8EBC-92B530F2D3DC}.Release|Any CPU.Build.0 = Release|Any CPU
		{7033AABC-C8F8-4456-9DFA-AEF7AA8A6726}.Debug|Any CPU.ActiveCfg = Debug|Any CPU
		{7033AABC-C8F8-4456-9DFA-AEF7AA8A6726}.Debug|Any CPU.Build.0 = Debug|Any CPU
		{7033AABC-C8F8-4456-9DFA-AEF7AA8A6726}.Release|Any CPU.ActiveCfg = Release|Any CPU
		{7033AABC-C8F8-4456-9DFA-AEF7AA8A6726}.Release|Any CPU.Build.0 = Release|Any CPU
		{C226B921-5B48-41F2-93A8-579681961492}.Debug|Any CPU.ActiveCfg = Debug|Any CPU
		{C226B921-5B48-41F2-93A8-579681961492}.Debug|Any CPU.Build.0 = Debug|Any CPU
		{C226B921-5B48-41F2-93A8-579681961492}.Release|Any CPU.ActiveCfg = Release|Any CPU
		{C226B921-5B48-41F2-93A8-579681961492}.Release|Any CPU.Build.0 = Release|Any CPU
	EndGlobalSection
	GlobalSection(SolutionProperties) = preSolution
		HideSolutionNode = FALSE
	EndGlobalSection
	GlobalSection(ExtensibilityGlobals) = postSolution
		SolutionGuid = {2490D861-D705-4C54-8A70-5D73918C1404}
	EndGlobalSection
EndGlobal
